
Microsoft Visual Studio Solution File, Format Version 12.00
# Visual Studio Version 17
VisualStudioVersion = 17.11.35327.3
MinimumVisualStudioVersion = 10.0.40219.1
Project("{FAE04EC0-301F-11D3-BF4B-00C04F79EFBC}") = "UserAccount", "UserAccount\UserAccount.csproj", "{6CDE0863-3679-48DC-9C8B-E0D426CC0328}"
EndProject
Global
	GlobalSection(SolutionConfigurationPlatforms) = preSolution
		Debug|Any CPU = Debug|Any CPU
		Release|Any CPU = Release|Any CPU
	EndGlobalSection
	GlobalSection(ProjectConfigurationPlatforms) = postSolution
		{6CDE0863-3679-48DC-9C8B-E0D426CC0328}.Debug|Any CPU.ActiveCfg = Debug|Any CPU
		{6CDE0863-3679-48DC-9C8B-E0D426CC0328}.Debug|Any CPU.Build.0 = Debug|Any CPU
		{6CDE0863-3679-48DC-9C8B-E0D426CC0328}.Release|Any CPU.ActiveCfg = Release|Any CPU
		{6CDE0863-3679-48DC-9C8B-E0D426CC0328}.Release|Any CPU.Build.0 = Release|Any CPU
	EndGlobalSection
	GlobalSection(SolutionProperties) = preSolution
		HideSolutionNode = FALSE
	EndGlobalSection
	GlobalSection(ExtensibilityGlobals) = postSolution
		SolutionGuid = {B6D380C1-951A-42B1-8E43-1B1A03807521}
	EndGlobalSection
EndGlobal
